
Microsoft Visual Studio Solution File, Format Version 12.00
# Visual Studio Version 17
VisualStudioVersion = 17.9.34728.123
MinimumVisualStudioVersion = 10.0.40219.1
Project("{FAE04EC0-301F-11D3-BF4B-00C04F79EFBC}") = "StudentDatabase", "StudentDatabase\StudentDatabase.csproj", "{184E957C-2427-4A0B-8821-A655DE3B86FA}"
EndProject
Global
	GlobalSection(SolutionConfigurationPlatforms) = preSolution
		Debug|Any CPU = Debug|Any CPU
		Release|Any CPU = Release|Any CPU
	EndGlobalSection
	GlobalSection(ProjectConfigurationPlatforms) = postSolution
		{184E957C-2427-4A0B-8821-A655DE3B86FA}.Debug|Any CPU.ActiveCfg = Debug|Any CPU
		{184E957C-2427-4A0B-8821-A655DE3B86FA}.Debug|Any CPU.Build.0 = Debug|Any CPU
		{184E957C-2427-4A0B-8821-A655DE3B86FA}.Release|Any CPU.ActiveCfg = Release|Any CPU
		{184E957C-2427-4A0B-8821-A655DE3B86FA}.Release|Any CPU.Build.0 = Release|Any CPU
	EndGlobalSection
	GlobalSection(SolutionProperties) = preSolution
		HideSolutionNode = FALSE
	EndGlobalSection
	GlobalSection(ExtensibilityGlobals) = postSolution
		SolutionGuid = {7E9267EC-DA25-4C10-B284-6EEF1B7E5D1D}
	EndGlobalSection
EndGlobal
